github.com/bytedance/sonic v1.11.6 h1:oUp3SVTlG5lbGeZdKc2kMGk+GpghwvCbR0NxhXMbUFk=
github.com/bytedance/sonic/loader v0.1.1 h1:wMO0h1/WxkFRITIhNMIjjKY1WBY2Mkwv000ERmrLmCk=
github.com/cloudwego/base64x v0.1.4 h1:jwVePgBDlILZ5rlYt2I5CEJXkSTl5LjFo7hBXKXD3kg=
github.com/cloudwego/iasm v0.2.0 h1:1K0iLg4korU1Vk1QMxrh1Di9R6T7E37qFy1m1J8D4yY=
github.com/gabriel-vasile/mimetype v1.4.3 h1:in2uUcidyFc52Y1XIn4vOJv3A4S3HMLSXeOHpSv1k5o=
github.com/gin-contrib/cors v1.7.3 h1:kYg1gKKNq4JFz8JjlC6vA7a8S6iGhN3Av3iR7J/Nxnk=
github.com/gin-contrib/sse v0.1.0 h1:Y/yl/+YNO8GZSrxAh5Mk4I6Mg2c6OkGhGHkFx8y4O4c=
github.com/gin-gonic/gin v1.10.0 h1:nTuyhaqU1VQ4Ne0c4DeLUrH5CTKwPaiL4IBfPH1PJaE=
github.com/go-playground/locales v0.14.1 h1:EWaQ/wswjilfKLTECrXsNnPC2Q8SCDdz4i0bKYRS4D4=
github.com/go-playground/universal-translator v0.18.1 h1:Bcnm0ZwsGyWbCzImXv+pAJnYK9S473LQFuzCbDbfSFY=
github.com/go-playground/validator/v10 v10.20.0 h1:K9ISHbGzTKkY+4QIIzFwPLFyYUq0HhOQkhnHSChqqd8=
github.com/goccy/go-json v0.10.2 h1:CrxCmQqYDkv1z7lO7Wbx2n6yhhFVBHENnVZ/aXNivBA=
github.com/google/gofuzz v1.0.0 h1:xRy4A+RhZaiyjNv2325qg0AradJmp45+NAR0KUmK5Fk=
github.com/gorilla/websocket v1.5.3 h1:saDtZ6Pbx/0u+bgYQ3q96pZgCzfhKXGPqt7kZ72aNNg=
github.com/json-iterator/go v1.1.12 h1:PV8peI4a0ysnczrgoL33pQJ7M4iZRMXA5aU7a6dN6Cc=
github.com/klauspost/cpuid/v2 v2.2.7 h1:ZWSKk6v/ML4EjLpe4kVbK7SMJm6KNqUk1fSW6Iq7HNA=
github.com/leodido/go-urn v1.4.0 h1:WT9HwE9SGECu3lg4d/dIA+jxlljEa1/ffXKmATjqgBo=
github.com/mattn/go-isatty v0.0.20 h1:xfD0iDuEKnDkl03q4limB+vH+GxLEtL/jb4xVJSWWEY=
github.com/modern-go/concurrent v0.0.0-20180306012644-bacd9c7ef1dd h1:TRLaZ9cD/w8PVh931PX+J6T8T8ONJ6G5PPn0PAL6IFs=
github.com/modern-go/reflect2 v1.0.2 h1:xBagoLtFs94CBntxluKeaWgTMpvLxC4ur3nMaC9Gz0Mw=
github.com/pelletier/go-toml/v2 v2.2.2 h1:aYUidT7v7x5JjQhN6aNsOS1L2mSL2qi2LbBO6gGMQys=
github.com/twitchyliquid64/golang-asm v0.15.1 h1:7HJApRsJh8tA3iINnMF25OEF7x290T6Q6y9fHCx8HOQ=
github.com/ugorji/go/codec v1.2.12 h1:9LC8vzrFfO0vC6YhF3A1Mh4wCYOd606G2F3mCMnSaIo=
golang.org/x/arch v0.8.0 h1:3wRIsP3tKi+H7dEpvNzwPIMcHDlU1a8YX1LkW+wE6Vk=
golang.org/x/crypto v0.23.0 h1:dIJUkGLG4tDb6C0JR3T6+j4VZlG3dBkFHxKpQKJAjEY=
golang.org/x/net v0.25.0 h1:d/OCCo4eLDFcaM+TxoB+GHzP9FmEo5GA07NqFsxhSQI=
golang.org/x/sys v0.20.0 h1:Od9JTbYCk261bKm4M/mw7AklTlFYIa0bIp9BgSm1S8Y=
golang.org/x/text v0.15.0 h1:h1/1OwzKhOTKkjufJlubsHfJj5qiudmE6LI2SfJNbEY=
google.golang.org/protobuf v1.34.1 h1:YFD1B8F9KMJf8DLLnjhJyKBOhzgIq0F12弶EY+T1jBo=
gopkg.in/yaml.v3 v3.0.1 h1:fxVm/GzAzEWqLHuvctI91KS9hhNmmWOoWu0XTYJE6gAc=
